
Microsoft Visual Studio Solution File, Format Version 12.00
Project("{FAE04EC0-301F-11D3-BF4B-00C04F79EFBC}") = "personal-website", "personal-website\personal-website.csproj", "{6FDE6624-9FAD-446D-8DE9-D54B3536703A}"
EndProject
Global
	GlobalSection(SolutionConfigurationPlatforms) = preSolution
		Debug|Any CPU = Debug|Any CPU
		Release|Any CPU = Release|Any CPU
	EndGlobalSection
	GlobalSection(ProjectConfigurationPlatforms) = postSolution
		{6FDE6624-9FAD-446D-8DE9-D54B3536703A}.Debug|Any CPU.ActiveCfg = Debug|Any CPU
		{6FDE6624-9FAD-446D-8DE9-D54B3536703A}.Debug|Any CPU.Build.0 = Debug|Any CPU
		{6FDE6624-9FAD-446D-8DE9-D54B3536703A}.Release|Any CPU.ActiveCfg = Release|Any CPU
		{6FDE6624-9FAD-446D-8DE9-D54B3536703A}.Release|Any CPU.Build.0 = Release|Any CPU
	EndGlobalSection
EndGlobal
